GEM
  remote: https://rubygems.omarqureshi.net/
  specs:
    aws-cdk-asset-awscli-v1 (0.0.0.20260802031747)
      base64 (~> 0.2)
      jsii-ruby-runtime (= 0.0.0.20260802031747)
    aws-cdk-asset-node-proxy-agent-v6 (0.0.0.20260802031747)
      base64 (~> 0.2)
      jsii-ruby-runtime (= 0.0.0.20260802031747)
    aws-cdk-cloud-assembly-schema (0.0.0.20260802031747)
      base64 (~> 0.2)
      jsii-ruby-runtime (= 0.0.0.20260802031747)
    aws-cdk-lib (0.0.0.20260802031747)
      aws-cdk-asset-awscli-v1 (= 0.0.0.20260802031747)
      aws-cdk-asset-node-proxy-agent-v6 (= 0.0.0.20260802031747)
      aws-cdk-cloud-assembly-schema (= 0.0.0.20260802031747)
      base64 (~> 0.2)
      constructs (= 0.0.0.20260802031747)
      jsii-ruby-runtime (= 0.0.0.20260802031747)
    constructs (0.0.0.20260802031747)
      base64 (~> 0.2)
      jsii-ruby-runtime (= 0.0.0.20260802031747)
    jsii-ruby-runtime (0.0.0.20260802031747)
      base64 (~> 0.2)

GEM
  remote: https://rubygems.org/
  specs:
    base64 (0.3.0)
    dynamoid-cdk-schema (0.2.0)
    foobara-aws (0.1.0)

PLATFORMS
  ruby
  x86_64-linux

DEPENDENCIES
  aws-cdk-asset-awscli-v1 (>= 0.0.0.pre)!
  aws-cdk-asset-node-proxy-agent-v6 (>= 0.0.0.pre)!
  aws-cdk-cloud-assembly-schema (>= 0.0.0.pre)!
  aws-cdk-lib (>= 0.0.0.pre)!
  constructs (>= 0.0.0.pre)!
  dynamoid-cdk-schema (~> 0.2)
  foobara-aws (~> 0.1)
  jsii-ruby-runtime (>= 0.0.0.pre)!

CHECKSUMS
  aws-cdk-asset-awscli-v1 (0.0.0.20260802031747) sha256=b1d78436292caf10a4ef2ba105f24c601ea561a3f0d7d8495bcdf317df883f05
  aws-cdk-asset-node-proxy-agent-v6 (0.0.0.20260802031747) sha256=e6de8dc9a0d0c75a81a68537c16d33c6f6ccf787b65d329a290330c49c180ba7
  aws-cdk-cloud-assembly-schema (0.0.0.20260802031747) sha256=f208b1e5db7726713156232a87ad29cda140e5fcd295eec9d15b719dbc44d81a
  aws-cdk-lib (0.0.0.20260802031747) sha256=1bd300cba556e75faf2e41f2dee833b98e6385e5685536c8bc79ea80669e66cb
  base64 (0.3.0) sha256=27337aeabad6ffae05c265c450490628ef3ebd4b67be58257393227588f5a97b
  bundler (4.0.11) sha256=5bcec0fb78302e48d02ee46f10ee6e6942be647ba5b44a6d1ddfda9a240ce785
  constructs (0.0.0.20260802031747) sha256=b67da5bb292f7fc518d600f7a0e830111001e3478d9cc3f48802816017b60b52
  dynamoid-cdk-schema (0.2.0) sha256=ec99bba023b6d79b2d10555c777edf5f7e32ded68ba8b0db310069b75e7a5806
  foobara-aws (0.1.0) sha256=08a02ef8c2c965d9e02885c2a29927442ee9473fc92fe7a4e3227406b9bac972
  jsii-ruby-runtime (0.0.0.20260802031747) sha256=a4e302c179e1e60fcb92f259baf2edeaef9e9dc53478c9eb8d2d31fe5f6ad2a0

BUNDLED WITH
  4.0.11
