GEM
  remote: https://rubygems.omarqureshi.net/
  specs:
    aws-cdk-asset-awscli-v1 (0.0.0.20260802031747)
      base64 (~> 0.2)
      jsii-ruby-runtime (= 0.0.0.20260802031747)
    aws-cdk-asset-node-proxy-agent-v6 (0.0.0.20260802031747)
      base64 (~> 0.2)
      jsii-ruby-runtime (= 0.0.0.20260802031747)
    aws-cdk-cloud-assembly-schema (0.0.0.20260802031747)
      base64 (~> 0.2)
      jsii-ruby-runtime (= 0.0.0.20260802031747)
    aws-cdk-lib (0.0.0.20260802031747)
      aws-cdk-asset-awscli-v1 (= 0.0.0.20260802031747)
      aws-cdk-asset-node-proxy-agent-v6 (= 0.0.0.20260802031747)
      aws-cdk-cloud-assembly-schema (= 0.0.0.20260802031747)
      base64 (~> 0.2)
      constructs (= 0.0.0.20260802031747)
      jsii-ruby-runtime (= 0.0.0.20260802031747)
    constructs (0.0.0.20260802031747)
      base64 (~> 0.2)
      jsii-ruby-runtime (= 0.0.0.20260802031747)
    jsii-ruby-runtime (0.0.0.20260802031747)
      base64 (~> 0.2)

GEM
  remote: https://rubygems.org/
  specs:
    activemodel (8.1.3.1)
      activesupport (= 8.1.3.1)
    activesupport (8.1.3.1)
      base64
      bigdecimal
      concurrent-ruby (~> 1.0, >= 1.3.1)
      connection_pool (>= 2.2.5)
      drb
      i18n (>= 1.6, < 2)
      json
      logger (>= 1.4.2)
      minitest (>= 5.1)
      securerandom (>= 0.3)
      tzinfo (~> 2.0, >= 2.0.5)
      uri (>= 0.13.1)
    aws-eventstream (1.4.0)
    aws-partitions (1.1277.0)
    aws-sdk-core (3.254.0)
      aws-eventstream (~> 1, >= 1.3.0)
      aws-partitions (~> 1, >= 1.992.0)
      aws-sigv4 (~> 1.9)
      base64
      bigdecimal
      jmespath (~> 1, >= 1.6.1)
      logger
    aws-sdk-dynamodb (1.171.0)
      aws-sdk-core (~> 3, >= 3.254.0)
      aws-sigv4 (~> 1.5)
    aws-sigv4 (1.12.1)
      aws-eventstream (~> 1, >= 1.0.2)
    base64 (0.3.0)
    bigdecimal (4.1.2)
    cancancan (3.6.1)
    concurrent-ruby (1.3.8)
    connection_pool (3.0.2)
    drb (2.2.3)
    dynamoid (3.14.0)
      activemodel (>= 4)
      aws-sdk-dynamodb (~> 1.0)
      concurrent-ruby (>= 1.0)
    i18n (1.15.2)
      concurrent-ruby (~> 1.0)
    jmespath (1.6.2)
    json (2.21.2)
    logger (1.7.0)
    minitest (6.0.6)
      drb (~> 2.0)
      prism (~> 1.5)
    prism (1.9.0)
    rack (3.2.6)
    securerandom (0.4.1)
    sorbet-runtime (0.6.13393)
    tzinfo (2.0.6)
      concurrent-ruby (~> 1.0)
    uri (1.1.1)

GEM
  remote: https://rubygems.pkg.github.com/omarqureshi/
  specs:
    prospect (0.0.2)
      rack (~> 3.0)
      sorbet-runtime

PLATFORMS
  ruby
  x86_64-linux

DEPENDENCIES
  aws-cdk-asset-awscli-v1 (>= 0.0.0.pre)!
  aws-cdk-asset-node-proxy-agent-v6 (>= 0.0.0.pre)!
  aws-cdk-cloud-assembly-schema (>= 0.0.0.pre)!
  aws-cdk-lib (>= 0.0.0.pre)!
  aws-sdk-dynamodb (~> 1)
  cancancan (~> 3.6)
  constructs (>= 0.0.0.pre)!
  dynamoid (~> 3.10)
  jsii-ruby-runtime (>= 0.0.0.pre)!
  prospect (~> 0.0.2)!

CHECKSUMS
  activemodel (8.1.3.1) sha256=99cc02ce2faec371d14440949d85787ebd23a907c9baef0a9d4bcd4d21888f88
  activesupport (8.1.3.1) sha256=85458765f25ea48b9019c46b6bb3fa5683197bf4280d9f06710a6e8d7a831376
  aws-cdk-asset-awscli-v1 (0.0.0.20260802031747) sha256=b1d78436292caf10a4ef2ba105f24c601ea561a3f0d7d8495bcdf317df883f05
  aws-cdk-asset-node-proxy-agent-v6 (0.0.0.20260802031747) sha256=e6de8dc9a0d0c75a81a68537c16d33c6f6ccf787b65d329a290330c49c180ba7
  aws-cdk-cloud-assembly-schema (0.0.0.20260802031747) sha256=f208b1e5db7726713156232a87ad29cda140e5fcd295eec9d15b719dbc44d81a
  aws-cdk-lib (0.0.0.20260802031747) sha256=1bd300cba556e75faf2e41f2dee833b98e6385e5685536c8bc79ea80669e66cb
  aws-eventstream (1.4.0) sha256=116bf85c436200d1060811e6f5d2d40c88f65448f2125bc77ffce5121e6e183b
  aws-partitions (1.1277.0) sha256=40bda996876a45a60c43fbf489b04b46216e98c1814c1ac6453b942e0df6501e
  aws-sdk-core (3.254.0) sha256=ee3e3220b8468a3c9e59daba18e6ec897bf5c7ce8adcc0670cfa2f1f092112fe
  aws-sdk-dynamodb (1.171.0) sha256=e1ce430768704e23faf7a0c243a6f6c0f8ef93f6b821ee93783955d0ea8b5e9c
  aws-sigv4 (1.12.1) sha256=6973ff95cb0fd0dc58ba26e90e9510a2219525d07620c8babeb70ef831826c00
  base64 (0.3.0) sha256=27337aeabad6ffae05c265c450490628ef3ebd4b67be58257393227588f5a97b
  bigdecimal (4.1.2) sha256=53d217666027eab4280346fba98e7d5b66baaae1b9c3c1c0ffe89d48188a3fbd
  bundler (4.0.11) sha256=5bcec0fb78302e48d02ee46f10ee6e6942be647ba5b44a6d1ddfda9a240ce785
  cancancan (3.6.1) sha256=975c1d5cbf58d5df48a9452a7f61ae3d254608cd87570402f5925a8864c56b62
  concurrent-ruby (1.3.8) sha256=b2f1be836e968ccc78ccfce277ea79c72a88633f22306782c16ff23fb415d1e1
  connection_pool (3.0.2) sha256=33fff5ba71a12d2aa26cb72b1db8bba2a1a01823559fb01d29eb74c286e62e0a
  constructs (0.0.0.20260802031747) sha256=b67da5bb292f7fc518d600f7a0e830111001e3478d9cc3f48802816017b60b52
  drb (2.2.3) sha256=0b00d6fdb50995fe4a45dea13663493c841112e4068656854646f418fda13373
  dynamoid (3.14.0) sha256=e453b9227f455bc779e50689b2a6a8033b8486203b261114e02225ed40a0c40d
  i18n (1.15.2) sha256=00f9eb62412fe593b2a65a97daa75300d37abb8f7202ec748e94b6d46a9dd1b5
  jmespath (1.6.2) sha256=238d774a58723d6c090494c8879b5e9918c19485f7e840f2c1c7532cf84ebcb1
  jsii-ruby-runtime (0.0.0.20260802031747) sha256=a4e302c179e1e60fcb92f259baf2edeaef9e9dc53478c9eb8d2d31fe5f6ad2a0
  json (2.21.2) sha256=1f1d3b7cf2b3ba1a69beca0bb6db13d5438b80bff3cd54cdaaa620b9b07c1c6a
  logger (1.7.0) sha256=196edec7cc44b66cfb40f9755ce11b392f21f7967696af15d274dde7edff0203
  minitest (6.0.6) sha256=153ea36d1d987a62942382b61075745042a2b3123b1cd48f4c3675af9cc7d6f1
  prism (1.9.0) sha256=7b530c6a9f92c24300014919c9dcbc055bf4cdf51ec30aed099b06cd6674ef85
  prospect (0.0.2) sha256=5d0f86b61aafb55d26af3d1024b33223a5032840ac7c257fbb5ed46c3f07aca5
  rack (3.2.6) sha256=5ed78e1f73b2e25679bec7d45ee2d4483cc4146eb1be0264fc4d94cb5ef212c2
  securerandom (0.4.1) sha256=cc5193d414a4341b6e225f0cb4446aceca8e50d5e1888743fac16987638ea0b1
  sorbet-runtime (0.6.13393) sha256=920a2d35f69cb268fd8a1da8fe721b543cc2d8e9b3ae90df55105fa191bdcf96
  tzinfo (2.0.6) sha256=8daf828cc77bcf7d63b0e3bdb6caa47e2272dcfaf4fbfe46f8c3a9df087a829b
  uri (1.1.1) sha256=379fa58d27ffb1387eaada68c749d1426738bd0f654d812fcc07e7568f5c57c6

BUNDLED WITH
  4.0.11
