GEM
  remote: https://rubygems.org/
  specs:
    base64 (0.3.0)
    jwt (3.2.0)
      base64

PLATFORMS
  ruby
  x86_64-linux

DEPENDENCIES
  jwt (~> 3.1)

CHECKSUMS
  base64 (0.3.0) sha256=27337aeabad6ffae05c265c450490628ef3ebd4b67be58257393227588f5a97b
  jwt (3.2.0) sha256=5419b1fe37b1da0982bd07051f573a8b8789ab724c2aa7e785e4784a3ed217d7

BUNDLED WITH
  4.0.16
